// !$*UTF8*$!
{
	archiveVersion = 1;
	classes = {
	};
	objectVersion = 56;
	objects = {

/* Begin PBXBuildFile section */
		CCE094C42AC3A649009ACFEA /* ProgramaBotApp.swift in Sources */ = {isa = PBXBuildFile; fileRef = CCE094C32AC3A649009ACFEA /* ProgramaBotApp.swift */; };
		CCE094C62AC3A649009ACFEA /* ChatView.swift in Sources */ = {isa = PBXBuildFile; fileRef = CCE094C52AC3A649009ACFEA /* ChatView.swift */; };
		CCE094C82AC3A64A009ACFEA /* Assets.xcassets in Resources */ = {isa = PBXBuildFile; fileRef = CCE094C72AC3A64A009ACFEA /* Assets.xcassets */; };
		CCE094CC2AC3A64A009ACFEA /* Preview Assets.xcassets in Resources */ = {isa = PBXBuildFile; fileRef = CCE094CB2AC3A64A009ACFEA /* Preview Assets.xcassets */; };
		CCE094D32AC3B3B1009ACFEA /* ChatRequest.swift in Sources */ = {isa = PBXBuildFile; fileRef = CCE094D22AC3B3B1009ACFEA /* ChatRequest.swift */; };
		CCE094D52AC3BE12009ACFEA /* ChatResponse.swift in Sources */ = {isa = PBXBuildFile; fileRef = CCE094D42AC3BE12009ACFEA /* ChatResponse.swift */; };
		CCE094D72AC3C3F0009ACFEA /* TextFieldClearButton.swift in Sources */ = {isa = PBXBuildFile; fileRef = CCE094D62AC3C3F0009ACFEA /* TextFieldClearButton.swift */; };
		CCE094D92AC47EBD009ACFEA /* ChatAPIClient.swift in Sources */ = {isa = PBXBuildFile; fileRef = CCE094D82AC47EBD009ACFEA /* ChatAPIClient.swift */; };
		CCE094DB2AC48019009ACFEA /* ChatViewModel.swift in Sources */ = {isa = PBXBuildFile; fileRef = CCE094DA2AC48019009ACFEA /* ChatViewModel.swift */; };
		CCE094E02AC4FD5C009ACFEA /* MessageView.swift in Sources */ = {isa = PBXBuildFile; fileRef = CCE094DF2AC4FD5C009ACFEA /* MessageView.swift */; };
/* End PBXBuildFile section */

/* Begin PBXFileReference section */
		CCE094C02AC3A649009ACFEA /* ProgramaBot.app */ = {isa = PBXFileReference; explicitFileType = wrapper.application; includeInIndex = 0; path = ProgramaBot.app; sourceTree = BUILT_PRODUCTS_DIR; };
		CCE094C32AC3A649009ACFEA /* ProgramaBotApp.swift */ = {isa = PBXFileReference; lastKnownFileType = sourcecode.swift; path = ProgramaBotApp.swift; sourceTree = "<group>"; };
		CCE094C52AC3A649009ACFEA /* ChatView.swift */ = {isa = PBXFileReference; lastKnownFileType = sourcecode.swift; path = ChatView.swift; sourceTree = "<group>"; };
		CCE094C72AC3A64A009ACFEA /* Assets.xcassets */ = {isa = PBXFileReference; lastKnownFileType = folder.assetcatalog; path = Assets.xcassets; sourceTree = "<group>"; };
		CCE094C92AC3A64A009ACFEA /* ProgramaBot.entitlements */ = {isa = PBXFileReference; lastKnownFileType = text.plist.entitlements; path = ProgramaBot.entitlements; sourceTree = "<group>"; };
		CCE094CB2AC3A64A009ACFEA /* Preview Assets.xcassets */ = {isa = PBXFileReference; lastKnownFileType = folder.assetcatalog; path = "Preview Assets.xcassets"; sourceTree = "<group>"; };
		CCE094D22AC3B3B1009ACFEA /* ChatRequest.swift */ = {isa = PBXFileReference; lastKnownFileType = sourcecode.swift; path = ChatRequest.swift; sourceTree = "<group>"; };
		CCE094D42AC3BE12009ACFEA /* ChatResponse.swift */ = {isa = PBXFileReference; lastKnownFileType = sourcecode.swift; path = ChatResponse.swift; sourceTree = "<group>"; };
		CCE094D62AC3C3F0009ACFEA /* TextFieldClearButton.swift */ = {isa = PBXFileReference; lastKnownFileType = sourcecode.swift; path = TextFieldClearButton.swift; sourceTree = "<group>"; };
		CCE094D82AC47EBD009ACFEA /* ChatAPIClient.swift */ = {isa = PBXFileReference; lastKnownFileType = sourcecode.swift; path = ChatAPIClient.swift; sourceTree = "<group>"; };
		CCE094DA2AC48019009ACFEA /* ChatViewModel.swift */ = {isa = PBXFileReference; lastKnownFileType = sourcecode.swift; path = ChatViewModel.swift; sourceTree = "<group>"; };
		CCE094DF2AC4FD5C009ACFEA /* MessageView.swift */ = {isa = PBXFileReference; lastKnownFileType = sourcecode.swift; path = MessageView.swift; sourceTree = "<group>"; };
/* End PBXFileReference section */

/* Begin PBXFrameworksBuildPhase section */
		CCE094BD2AC3A649009ACFEA /* Frameworks */ = {
			isa = PBXFrameworksBuildPhase;
			buildActionMask = 2147483647;
			files = (
			);
			runOnlyForDeploymentPostprocessing = 0;
		};
/* End PBXFrameworksBuildPhase section */

/* Begin PBXGroup section */
		CCE094B72AC3A649009ACFEA = {
			isa = PBXGroup;
			children = (
				CCE094C22AC3A649009ACFEA /* ProgramaBot */,
				CCE094C12AC3A649009ACFEA /* Products */,
			);
			sourceTree = "<group>";
		};
		CCE094C12AC3A649009ACFEA /* Products */ = {
			isa = PBXGroup;
			children = (
				CCE094C02AC3A649009ACFEA /* ProgramaBot.app */,
			);
			name = Products;
			sourceTree = "<group>";
		};
		CCE094C22AC3A649009ACFEA /* ProgramaBot */ = {
			isa = PBXGroup;
			children = (
				CCE094C92AC3A64A009ACFEA /* ProgramaBot.entitlements */,
				CCE094C32AC3A649009ACFEA /* ProgramaBotApp.swift */,
				CCE094C72AC3A64A009ACFEA /* Assets.xcassets */,
				CCE094DD2AC4829F009ACFEA /* API */,
				CCE094DC2AC4828D009ACFEA /* Chat */,
				CCE094DE2AC48A5C009ACFEA /* Extensions */,
				CCE094CA2AC3A64A009ACFEA /* Preview Content */,
			);
			path = ProgramaBot;
			sourceTree = "<group>";
		};
		CCE094CA2AC3A64A009ACFEA /* Preview Content */ = {
			isa = PBXGroup;
			children = (
				CCE094CB2AC3A64A009ACFEA /* Preview Assets.xcassets */,
			);
			path = "Preview Content";
			sourceTree = "<group>";
		};
		CCE094DC2AC4828D009ACFEA /* Chat */ = {
			isa = PBXGroup;
			children = (
				CCE094DA2AC48019009ACFEA /* ChatViewModel.swift */,
				CCE094C52AC3A649009ACFEA /* ChatView.swift */,
				CCE094DF2AC4FD5C009ACFEA /* MessageView.swift */,
			);
			path = Chat;
			sourceTree = "<group>";
		};
		CCE094DD2AC4829F009ACFEA /* API */ = {
			isa = PBXGroup;
			children = (
				CCE094D42AC3BE12009ACFEA /* ChatResponse.swift */,
				CCE094D22AC3B3B1009ACFEA /* ChatRequest.swift */,
				CCE094D82AC47EBD009ACFEA /* ChatAPIClient.swift */,
			);
			path = API;
			sourceTree = "<group>";
		};
		CCE094DE2AC48A5C009ACFEA /* Extensions */ = {
			isa = PBXGroup;
			children = (
				CCE094D62AC3C3F0009ACFEA /* TextFieldClearButton.swift */,
			);
			path = Extensions;
			sourceTree = "<group>";
		};
/* End PBXGroup section */

/* Begin PBXNativeTarget section */
		CCE094BF2AC3A649009ACFEA /* ProgramaBot */ = {
			isa = PBXNativeTarget;
			buildConfigurationList = CCE094CF2AC3A64A009ACFEA /* Build configuration list for PBXNativeTarget "ProgramaBot" */;
			buildPhases = (
				CCE094BC2AC3A649009ACFEA /* Sources */,
				CCE094BD2AC3A649009ACFEA /* Frameworks */,
				CCE094BE2AC3A649009ACFEA /* Resources */,
			);
			buildRules = (
			);
			dependencies = (
			);
			name = ProgramaBot;
			productName = ProgramaBot;
			productReference = CCE094C02AC3A649009ACFEA /* ProgramaBot.app */;
			productType = "com.apple.product-type.application";
		};
/* End PBXNativeTarget section */

/* Begin PBXProject section */
		CCE094B82AC3A649009ACFEA /* Project object */ = {
			isa = PBXProject;
			attributes = {
				BuildIndependentTargetsInParallel = 1;
				LastSwiftUpdateCheck = 1430;
				LastUpgradeCheck = 1430;
				TargetAttributes = {
					CCE094BF2AC3A649009ACFEA = {
						CreatedOnToolsVersion = 14.3.1;
					};
				};
			};
			buildConfigurationList = CCE094BB2AC3A649009ACFEA /* Build configuration list for PBXProject "ProgramaBot" */;
			compatibilityVersion = "Xcode 14.0";
			developmentRegion = en;
			hasScannedForEncodings = 0;
			knownRegions = (
				en,
				Base,
			);
			mainGroup = CCE094B72AC3A649009ACFEA;
			productRefGroup = CCE094C12AC3A649009ACFEA /* Products */;
			projectDirPath = "";
			projectRoot = "";
			targets = (
				CCE094BF2AC3A649009ACFEA /* ProgramaBot */,
			);
		};
/* End PBXProject section */

/* Begin PBXResourcesBuildPhase section */
		CCE094BE2AC3A649009ACFEA /* Resources */ = {
			isa = PBXResourcesBuildPhase;
			buildActionMask = 2147483647;
			files = (
				CCE094CC2AC3A64A009ACFEA /* Preview Assets.xcassets in Resources */,
				CCE094C82AC3A64A009ACFEA /* Assets.xcassets in Resources */,
			);
			runOnlyForDeploymentPostprocessing = 0;
		};
/* End PBXResourcesBuildPhase section */

/* Begin PBXSourcesBuildPhase section */
		CCE094BC2AC3A649009ACFEA /* Sources */ = {
			isa = PBXSourcesBuildPhase;
			buildActionMask = 2147483647;
			files = (
				CCE094D52AC3BE12009ACFEA /* ChatResponse.swift in Sources */,
				CCE094DB2AC48019009ACFEA /* ChatViewModel.swift in Sources */,
				CCE094D92AC47EBD009ACFEA /* ChatAPIClient.swift in Sources */,
				CCE094C62AC3A649009ACFEA /* ChatView.swift in Sources */,
				CCE094E02AC4FD5C009ACFEA /* MessageView.swift in Sources */,
				CCE094D72AC3C3F0009ACFEA /* TextFieldClearButton.swift in Sources */,
				CCE094C42AC3A649009ACFEA /* ProgramaBotApp.swift in Sources */,
				CCE094D32AC3B3B1009ACFEA /* ChatRequest.swift in Sources */,
			);
			runOnlyForDeploymentPostprocessing = 0;
		};
/* End PBXSourcesBuildPhase section */

/* Begin XCBuildConfiguration section */
		CCE094CD2AC3A64A009ACFEA /* Debug */ = {
			isa = XCBuildConfiguration;
			buildSettings = {
				ALWAYS_SEARCH_USER_PATHS = NO;
				CLANG_ANALYZER_NONNULL = YES;
				CLANG_ANALYZER_NUMBER_OBJECT_CONVERSION = YES_AGGRESSIVE;
				CLANG_CXX_LANGUAGE_STANDARD = "gnu++20";
				CLANG_ENABLE_MODULES = YES;
				CLANG_ENABLE_OBJC_ARC = YES;
				CLANG_ENABLE_OBJC_WEAK = YES;
				CLANG_WARN_BLOCK_CAPTURE_AUTORELEASING = YES;
				CLANG_WARN_BOOL_CONVERSION = YES;
				CLANG_WARN_COMMA = YES;
				CLANG_WARN_CONSTANT_CONVERSION = YES;
				CLANG_WARN_DEPRECATED_OBJC_IMPLEMENTATIONS = YES;
				CLANG_WARN_DIRECT_OBJC_ISA_USAGE = YES_ERROR;
				CLANG_WARN_DOCUMENTATION_COMMENTS = YES;
				CLANG_WARN_EMPTY_BODY = YES;
				CLANG_WARN_ENUM_CONVERSION = YES;
				CLANG_WARN_INFINITE_RECURSION = YES;
				CLANG_WARN_INT_CONVERSION = YES;
				CLANG_WARN_NON_LITERAL_NULL_CONVERSION = YES;
				CLANG_WARN_OBJC_IMPLICIT_RETAIN_SELF = YES;
				CLANG_WARN_OBJC_LITERAL_CONVERSION = YES;
				CLANG_WARN_OBJC_ROOT_CLASS = YES_ERROR;
				CLANG_WARN_QUOTED_INCLUDE_IN_FRAMEWORK_HEADER = YES;
				CLANG_WARN_RANGE_LOOP_ANALYSIS = YES;
				CLANG_WARN_STRICT_PROTOTYPES = YES;
				CLANG_WARN_SUSPICIOUS_MOVE = YES;
				CLANG_WARN_UNGUARDED_AVAILABILITY = YES_AGGRESSIVE;
				CLANG_WARN_UNREACHABLE_CODE = YES;
				CLANG_WARN__DUPLICATE_METHOD_MATCH = YES;
				COPY_PHASE_STRIP = NO;
				DEBUG_INFORMATION_FORMAT = dwarf;
				ENABLE_STRICT_OBJC_MSGSEND = YES;
				ENABLE_TESTABILITY = YES;
				GCC_C_LANGUAGE_STANDARD = gnu11;
				GCC_DYNAMIC_NO_PIC = NO;
				GCC_NO_COMMON_BLOCKS = YES;
				GCC_OPTIMIZATION_LEVEL = 0;
				GCC_PREPROCESSOR_DEFINITIONS = (
					"DEBUG=1",
					"$(inherited)",
				);
				GCC_WARN_64_TO_32_BIT_CONVERSION = YES;
				GCC_WARN_ABOUT_RETURN_TYPE = YES_ERROR;
				GCC_WARN_UNDECLARED_SELECTOR = YES;
				GCC_WARN_UNINITIALIZED_AUTOS = YES_AGGRESSIVE;
				GCC_WARN_UNUSED_FUNCTION = YES;
				GCC_WARN_UNUSED_VARIABLE = YES;
				MTL_ENABLE_DEBUG_INFO = INCLUDE_SOURCE;
				MTL_FAST_MATH = YES;
				ONLY_ACTIVE_ARCH = YES;
				SWIFT_ACTIVE_COMPILATION_CONDITIONS = DEBUG;
				SWIFT_OPTIMIZATION_LEVEL = "-Onone";
			};
			name = Debug;
		};
		CCE094CE2AC3A64A009ACFEA /* Release */ = {
			isa = XCBuildConfiguration;
			buildSettings = {
				ALWAYS_SEARCH_USER_PATHS = NO;
				CLANG_ANALYZER_NONNULL = YES;
				CLANG_ANALYZER_NUMBER_OBJECT_CONVERSION = YES_AGGRESSIVE;
				CLANG_CXX_LANGUAGE_STANDARD = "gnu++20";
				CLANG_ENABLE_MODULES = YES;
				CLANG_ENABLE_OBJC_ARC = YES;
				CLANG_ENABLE_OBJC_WEAK = YES;
				CLANG_WARN_BLOCK_CAPTURE_AUTORELEASING = YES;
				CLANG_WARN_BOOL_CONVERSION = YES;
				CLANG_WARN_COMMA = YES;
				CLANG_WARN_CONSTANT_CONVERSION = YES;
				CLANG_WARN_DEPRECATED_OBJC_IMPLEMENTATIONS = YES;
				CLANG_WARN_DIRECT_OBJC_ISA_USAGE = YES_ERROR;
				CLANG_WARN_DOCUMENTATION_COMMENTS = YES;
				CLANG_WARN_EMPTY_BODY = YES;
				CLANG_WARN_ENUM_CONVERSION = YES;
				CLANG_WARN_INFINITE_RECURSION = YES;
				CLANG_WARN_INT_CONVERSION = YES;
				CLANG_WARN_NON_LITERAL_NULL_CONVERSION = YES;
				CLANG_WARN_OBJC_IMPLICIT_RETAIN_SELF = YES;
				CLANG_WARN_OBJC_LITERAL_CONVERSION = YES;
				CLANG_WARN_OBJC_ROOT_CLASS = YES_ERROR;
				CLANG_WARN_QUOTED_INCLUDE_IN_FRAMEWORK_HEADER = YES;
				CLANG_WARN_RANGE_LOOP_ANALYSIS = YES;
				CLANG_WARN_STRICT_PROTOTYPES = YES;
				CLANG_WARN_SUSPICIOUS_MOVE = YES;
				CLANG_WARN_UNGUARDED_AVAILABILITY = YES_AGGRESSIVE;
				CLANG_WARN_UNREACHABLE_CODE = YES;
				CLANG_WARN__DUPLICATE_METHOD_MATCH = YES;
				COPY_PHASE_STRIP = NO;
				DEBUG_INFORMATION_FORMAT = "dwarf-with-dsym";
				ENABLE_NS_ASSERTIONS = NO;
				ENABLE_STRICT_OBJC_MSGSEND = YES;
				GCC_C_LANGUAGE_STANDARD = gnu11;
				GCC_NO_COMMON_BLOCKS = YES;
				GCC_WARN_64_TO_32_BIT_CONVERSION = YES;
				GCC_WARN_ABOUT_RETURN_TYPE = YES_ERROR;
				GCC_WARN_UNDECLARED_SELECTOR = YES;
				GCC_WARN_UNINITIALIZED_AUTOS = YES_AGGRESSIVE;
				GCC_WARN_UNUSED_FUNCTION = YES;
				GCC_WARN_UNUSED_VARIABLE = YES;
				MTL_ENABLE_DEBUG_INFO = NO;
				MTL_FAST_MATH = YES;
				SWIFT_COMPILATION_MODE = wholemodule;
				SWIFT_OPTIMIZATION_LEVEL = "-O";
			};
			name = Release;
		};
		CCE094D02AC3A64A009ACFEA /* Debug */ = {
			isa = XCBuildConfiguration;
			buildSettings = {
				ASSETCATALOG_COMPILER_APPICON_NAME = AppIcon;
				ASSETCATALOG_COMPILER_GLOBAL_ACCENT_COLOR_NAME = AccentColor;
				CODE_SIGN_ENTITLEMENTS = ProgramaBot/ProgramaBot.entitlements;
				CODE_SIGN_STYLE = Automatic;
				CURRENT_PROJECT_VERSION = 1;
				DEVELOPMENT_ASSET_PATHS = "\"ProgramaBot/Preview Content\"";
				DEVELOPMENT_TEAM = X29Z6DBB49;
				ENABLE_HARDENED_RUNTIME = YES;
				ENABLE_PREVIEWS = YES;
				GENERATE_INFOPLIST_FILE = YES;
				"INFOPLIST_KEY_UIApplicationSceneManifest_Generation[sdk=iphoneos*]" = YES;
				"INFOPLIST_KEY_UIApplicationSceneManifest_Generation[sdk=iphonesimulator*]" = YES;
				"INFOPLIST_KEY_UIApplicationSupportsIndirectInputEvents[sdk=iphoneos*]" = YES;
				"INFOPLIST_KEY_UIApplicationSupportsIndirectInputEvents[sdk=iphonesimulator*]" = YES;
				"INFOPLIST_KEY_UILaunchScreen_Generation[sdk=iphoneos*]" = YES;
				"INFOPLIST_KEY_UILaunchScreen_Generation[sdk=iphonesimulator*]" = YES;
				"INFOPLIST_KEY_UIStatusBarStyle[sdk=iphoneos*]" = UIStatusBarStyleDefault;
				"INFOPLIST_KEY_UIStatusBarStyle[sdk=iphonesimulator*]" = UIStatusBarStyleDefault;
				INFOPLIST_KEY_UISupportedInterfaceOrientations_iPad = "UIInterfaceOrientationPortrait UIInterfaceOrientationPortraitUpsideDown UIInterfaceOrientationLandscapeLeft UIInterfaceOrientationLandscapeRight";
				INFOPLIST_KEY_UISupportedInterfaceOrientations_iPhone = "UIInterfaceOrientationPortrait UIInterfaceOrientationLandscapeLeft UIInterfaceOrientationLandscapeRight";
				IPHONEOS_DEPLOYMENT_TARGET = 16.4;
				LD_RUNPATH_SEARCH_PATHS = "@executable_path/Frameworks";
				"LD_RUNPATH_SEARCH_PATHS[sdk=macosx*]" = "@executable_path/../Frameworks";
				MACOSX_DEPLOYMENT_TARGET = 13.3;
				MARKETING_VERSION = 1.0;
				PRODUCT_BUNDLE_IDENTIFIER = com.jere.ProgramaBot;
				PRODUCT_NAME = "$(TARGET_NAME)";
				SDKROOT = auto;
				SUPPORTED_PLATFORMS = "iphoneos iphonesimulator macosx";
				SWIFT_EMIT_LOC_STRINGS = YES;
				SWIFT_VERSION = 5.0;
				TARGETED_DEVICE_FAMILY = "1,2";
			};
			name = Debug;
		};
		CCE094D12AC3A64A009ACFEA /* Release */ = {
			isa = XCBuildConfiguration;
			buildSettings = {
				ASSETCATALOG_COMPILER_APPICON_NAME = AppIcon;
				ASSETCATALOG_COMPILER_GLOBAL_ACCENT_COLOR_NAME = AccentColor;
				CODE_SIGN_ENTITLEMENTS = ProgramaBot/ProgramaBot.entitlements;
				CODE_SIGN_STYLE = Automatic;
				CURRENT_PROJECT_VERSION = 1;
				DEVELOPMENT_ASSET_PATHS = "\"ProgramaBot/Preview Content\"";
				DEVELOPMENT_TEAM = X29Z6DBB49;
				ENABLE_HARDENED_RUNTIME = YES;
				ENABLE_PREVIEWS = YES;
				GENERATE_INFOPLIST_FILE = YES;
				"INFOPLIST_KEY_UIApplicationSceneManifest_Generation[sdk=iphoneos*]" = YES;
				"INFOPLIST_KEY_UIApplicationSceneManifest_Generation[sdk=iphonesimulator*]" = YES;
				"INFOPLIST_KEY_UIApplicationSupportsIndirectInputEvents[sdk=iphoneos*]" = YES;
				"INFOPLIST_KEY_UIApplicationSupportsIndirectInputEvents[sdk=iphonesimulator*]" = YES;
				"INFOPLIST_KEY_UILaunchScreen_Generation[sdk=iphoneos*]" = YES;
				"INFOPLIST_KEY_UILaunchScreen_Generation[sdk=iphonesimulator*]" = YES;
				"INFOPLIST_KEY_UIStatusBarStyle[sdk=iphoneos*]" = UIStatusBarStyleDefault;
				"INFOPLIST_KEY_UIStatusBarStyle[sdk=iphonesimulator*]" = UIStatusBarStyleDefault;
				INFOPLIST_KEY_UISupportedInterfaceOrientations_iPad = "UIInterfaceOrientationPortrait UIInterfaceOrientationPortraitUpsideDown UIInterfaceOrientationLandscapeLeft UIInterfaceOrientationLandscapeRight";
				INFOPLIST_KEY_UISupportedInterfaceOrientations_iPhone = "UIInterfaceOrientationPortrait UIInterfaceOrientationLandscapeLeft UIInterfaceOrientationLandscapeRight";
				IPHONEOS_DEPLOYMENT_TARGET = 16.4;
				LD_RUNPATH_SEARCH_PATHS = "@executable_path/Frameworks";
				"LD_RUNPATH_SEARCH_PATHS[sdk=macosx*]" = "@executable_path/../Frameworks";
				MACOSX_DEPLOYMENT_TARGET = 13.3;
				MARKETING_VERSION = 1.0;
				PRODUCT_BUNDLE_IDENTIFIER = com.jere.ProgramaBot;
				PRODUCT_NAME = "$(TARGET_NAME)";
				SDKROOT = auto;
				SUPPORTED_PLATFORMS = "iphoneos iphonesimulator macosx";
				SWIFT_EMIT_LOC_STRINGS = YES;
				SWIFT_VERSION = 5.0;
				TARGETED_DEVICE_FAMILY = "1,2";
			};
			name = Release;
		};
/* End XCBuildConfiguration section */

/* Begin XCConfigurationList section */
		CCE094BB2AC3A649009ACFEA /* Build configuration list for PBXProject "ProgramaBot" */ = {
			isa = XCConfigurationList;
			buildConfigurations = (
				CCE094CD2AC3A64A009ACFEA /* Debug */,
				CCE094CE2AC3A64A009ACFEA /* Release */,
			);
			defaultConfigurationIsVisible = 0;
			defaultConfigurationName = Release;
		};
		CCE094CF2AC3A64A009ACFEA /* Build configuration list for PBXNativeTarget "ProgramaBot" */ = {
			isa = XCConfigurationList;
			buildConfigurations = (
				CCE094D02AC3A64A009ACFEA /* Debug */,
				CCE094D12AC3A64A009ACFEA /* Release */,
			);
			defaultConfigurationIsVisible = 0;
			defaultConfigurationName = Release;
		};
/* End XCConfigurationList section */
	};
	rootObject = CCE094B82AC3A649009ACFEA /* Project object */;
}
